
Microsoft Visual Studio Solution File, Format Version 12.00
# Visual Studio Version 16
VisualStudioVersion = 16.0.31005.135
MinimumVisualStudioVersion = 10.0.40219.1
Project("{FAE04EC0-301F-11D3-BF4B-00C04F79EFBC}") = "week08", "week08.csproj", "{60BEC164-0FBD-4ACE-A495-5379BF07BCFC}"
EndProject
Global
	GlobalSection(SolutionConfigurationPlatforms) = preSolution
		Debug|Any CPU = Debug|Any CPU
		Release|Any CPU = Release|Any CPU
	EndGlobalSection
	GlobalSection(ProjectConfigurationPlatforms) = postSolution
		{60BEC164-0FBD-4ACE-A495-5379BF07BCFC}.Debug|Any CPU.ActiveCfg = Debug|Any CPU
		{60BEC164-0FBD-4ACE-A495-5379BF07BCFC}.Debug|Any CPU.Build.0 = Debug|Any CPU
		{60BEC164-0FBD-4ACE-A495-5379BF07BCFC}.Release|Any CPU.ActiveCfg = Release|Any CPU
		{60BEC164-0FBD-4ACE-A495-5379BF07BCFC}.Release|Any CPU.Build.0 = Release|Any CPU
	EndGlobalSection
	GlobalSection(SolutionProperties) = preSolution
		HideSolutionNode = FALSE
	EndGlobalSection
	GlobalSection(ExtensibilityGlobals) = postSolution
		SolutionGuid = {3ED4A5A0-8279-4385-8283-89B82CD4560C}
	EndGlobalSection
EndGlobal
